
Microsoft Visual Studio Solution File, Format Version 12.00
# Visual Studio Version 17
VisualStudioVersion = 17.5.2.0
MinimumVisualStudioVersion = 10.0.40219.1
Project("{FAE04EC0-301F-11D3-BF4B-00C04F79EFBC}") = "SECTION_1", "SECTION_1\SECTION_1.csproj", "{23A89CE5-2E48-09C9-D096-5167B0011DEC}"
EndProject
Project("{FAE04EC0-301F-11D3-BF4B-00C04F79EFBC}") = "response-headers", "response-headers\response-headers.csproj", "{A3D96A97-685A-4E0A-B404-291FD6EFA325}"
EndProject
Project("{FAE04EC0-301F-11D3-BF4B-00C04F79EFBC}") = "MiddlewaresExample", "MiddlewaresExample\MiddlewaresExample.csproj", "{30D6CFCB-9F65-450D-9B75-BF56F198B9B4}"
EndProject
Project("{FAE04EC0-301F-11D3-BF4B-00C04F79EFBC}") = "UseWhenMiddleware", "UseWhenMiddleware\UseWhenMiddleware.csproj", "{070699FD-D6AD-4E48-B2C1-C08A53A8F370}"
EndProject
Global
	GlobalSection(SolutionConfigurationPlatforms) = preSolution
		Debug|Any CPU = Debug|Any CPU
		Debug|x64 = Debug|x64
		Debug|x86 = Debug|x86
		Release|Any CPU = Release|Any CPU
		Release|x64 = Release|x64
		Release|x86 = Release|x86
	EndGlobalSection
	GlobalSection(ProjectConfigurationPlatforms) = postSolution
		{23A89CE5-2E48-09C9-D096-5167B0011DEC}.Debug|Any CPU.ActiveCfg = Debug|Any CPU
		{23A89CE5-2E48-09C9-D096-5167B0011DEC}.Debug|Any CPU.Build.0 = Debug|Any CPU
		{23A89CE5-2E48-09C9-D096-5167B0011DEC}.Debug|x64.ActiveCfg = Debug|Any CPU
		{23A89CE5-2E48-09C9-D096-5167B0011DEC}.Debug|x64.Build.0 = Debug|Any CPU
		{23A89CE5-2E48-09C9-D096-5167B0011DEC}.Debug|x86.ActiveCfg = Debug|Any CPU
		{23A89CE5-2E48-09C9-D096-5167B0011DEC}.Debug|x86.Build.0 = Debug|Any CPU
		{23A89CE5-2E48-09C9-D096-5167B0011DEC}.Release|Any CPU.ActiveCfg = Release|Any CPU
		{23A89CE5-2E48-09C9-D096-5167B0011DEC}.Release|Any CPU.Build.0 = Release|Any CPU
		{23A89CE5-2E48-09C9-D096-5167B0011DEC}.Release|x64.ActiveCfg = Release|Any CPU
		{23A89CE5-2E48-09C9-D096-5167B0011DEC}.Release|x64.Build.0 = Release|Any CPU
		{23A89CE5-2E48-09C9-D096-5167B0011DEC}.Release|x86.ActiveCfg = Release|Any CPU
		{23A89CE5-2E48-09C9-D096-5167B0011DEC}.Release|x86.Build.0 = Release|Any CPU
		{A3D96A97-685A-4E0A-B404-291FD6EFA325}.Debug|Any CPU.ActiveCfg = Debug|Any CPU
		{A3D96A97-685A-4E0A-B404-291FD6EFA325}.Debug|Any CPU.Build.0 = Debug|Any CPU
		{A3D96A97-685A-4E0A-B404-291FD6EFA325}.Debug|x64.ActiveCfg = Debug|Any CPU
		{A3D96A97-685A-4E0A-B404-291FD6EFA325}.Debug|x64.Build.0 = Debug|Any CPU
		{A3D96A97-685A-4E0A-B404-291FD6EFA325}.Debug|x86.ActiveCfg = Debug|Any CPU
		{A3D96A97-685A-4E0A-B404-291FD6EFA325}.Debug|x86.Build.0 = Debug|Any CPU
		{A3D96A97-685A-4E0A-B404-291FD6EFA325}.Release|Any CPU.ActiveCfg = Release|Any CPU
		{A3D96A97-685A-4E0A-B404-291FD6EFA325}.Release|Any CPU.Build.0 = Release|Any CPU
		{A3D96A97-685A-4E0A-B404-291FD6EFA325}.Release|x64.ActiveCfg = Release|Any CPU
		{A3D96A97-685A-4E0A-B404-291FD6EFA325}.Release|x64.Build.0 = Release|Any CPU
		{A3D96A97-685A-4E0A-B404-291FD6EFA325}.Release|x86.ActiveCfg = Release|Any CPU
		{A3D96A97-685A-4E0A-B404-291FD6EFA325}.Release|x86.Build.0 = Release|Any CPU
		{30D6CFCB-9F65-450D-9B75-BF56F198B9B4}.Debug|Any CPU.ActiveCfg = Debug|Any CPU
		{30D6CFCB-9F65-450D-9B75-BF56F198B9B4}.Debug|Any CPU.Build.0 = Debug|Any CPU
		{30D6CFCB-9F65-450D-9B75-BF56F198B9B4}.Debug|x64.ActiveCfg = Debug|Any CPU
		{30D6CFCB-9F65-450D-9B75-BF56F198B9B4}.Debug|x64.Build.0 = Debug|Any CPU
		{30D6CFCB-9F65-450D-9B75-BF56F198B9B4}.Debug|x86.ActiveCfg = Debug|Any CPU
		{30D6CFCB-9F65-450D-9B75-BF56F198B9B4}.Debug|x86.Build.0 = Debug|Any CPU
		{30D6CFCB-9F65-450D-9B75-BF56F198B9B4}.Release|Any CPU.ActiveCfg = Release|Any CPU
		{30D6CFCB-9F65-450D-9B75-BF56F198B9B4}.Release|Any CPU.Build.0 = Release|Any CPU
		{30D6CFCB-9F65-450D-9B75-BF56F198B9B4}.Release|x64.ActiveCfg = Release|Any CPU
		{30D6CFCB-9F65-450D-9B75-BF56F198B9B4}.Release|x64.Build.0 = Release|Any CPU
		{30D6CFCB-9F65-450D-9B75-BF56F198B9B4}.Release|x86.ActiveCfg = Release|Any CPU
		{30D6CFCB-9F65-450D-9B75-BF56F198B9B4}.Release|x86.Build.0 = Release|Any CPU
		{070699FD-D6AD-4E48-B2C1-C08A53A8F370}.Debug|Any CPU.ActiveCfg = Debug|Any CPU
		{070699FD-D6AD-4E48-B2C1-C08A53A8F370}.Debug|Any CPU.Build.0 = Debug|Any CPU
		{070699FD-D6AD-4E48-B2C1-C08A53A8F370}.Debug|x64.ActiveCfg = Debug|Any CPU
		{070699FD-D6AD-4E48-B2C1-C08A53A8F370}.Debug|x64.Build.0 = Debug|Any CPU
		{070699FD-D6AD-4E48-B2C1-C08A53A8F370}.Debug|x86.ActiveCfg = Debug|Any CPU
		{070699FD-D6AD-4E48-B2C1-C08A53A8F370}.Debug|x86.Build.0 = Debug|Any CPU
		{070699FD-D6AD-4E48-B2C1-C08A53A8F370}.Release|Any CPU.ActiveCfg = Release|Any CPU
		{070699FD-D6AD-4E48-B2C1-C08A53A8F370}.Release|Any CPU.Build.0 = Release|Any CPU
		{070699FD-D6AD-4E48-B2C1-C08A53A8F370}.Release|x64.ActiveCfg = Release|Any CPU
		{070699FD-D6AD-4E48-B2C1-C08A53A8F370}.Release|x64.Build.0 = Release|Any CPU
		{070699FD-D6AD-4E48-B2C1-C08A53A8F370}.Release|x86.ActiveCfg = Release|Any CPU
		{070699FD-D6AD-4E48-B2C1-C08A53A8F370}.Release|x86.Build.0 = Release|Any CPU
	EndGlobalSection
	GlobalSection(SolutionProperties) = preSolution
		HideSolutionNode = FALSE
	EndGlobalSection
	GlobalSection(ExtensibilityGlobals) = postSolution
		SolutionGuid = {684679C3-8D29-443C-ADE8-E29D6147D9C0}
	EndGlobalSection
EndGlobal
